
Microsoft Visual Studio Solution File, Format Version 12.00
# Visual Studio 15
VisualStudioVersion = 15.0.28307.572
MinimumVisualStudioVersion = 10.0.40219.1
Project("{FAE04EC0-301F-11D3-BF4B-00C04F79EFBC}") = "BachelorThesis.Android", "BachelorThesis\BachelorThesis.Android\BachelorThesis.Android.csproj", "{24CE3C36-16B9-426D-AA0C-5961ECF8D88C}"
EndProject
Project("{FAE04EC0-301F-11D3-BF4B-00C04F79EFBC}") = "BachelorThesis.iOS", "BachelorThesis\BachelorThesis.iOS\BachelorThesis.iOS.csproj", "{CE6D82B8-6D69-4F86-959E-7141980C26EB}"
EndProject
Project("{FAE04EC0-301F-11D3-BF4B-00C04F79EFBC}") = "BachelorThesis.UWP", "BachelorThesis\BachelorThesis.UWP\BachelorThesis.UWP.csproj", "{88209DCC-E156-498D-9BD2-F9104E3D813B}"
EndProject
Project("{FAE04EC0-301F-11D3-BF4B-00C04F79EFBC}") = "BachelorThesis", "BachelorThesis\BachelorThesis\BachelorThesis.csproj", "{FD9606DD-52DB-4A49-A9CB-061D38A4136E}"
EndProject
Global
	GlobalSection(SolutionConfigurationPlatforms) = preSolution
		Debug|Any CPU = Debug|Any CPU
		Debug|ARM = Debug|ARM
		Debug|iPhone = Debug|iPhone
		Debug|iPhoneSimulator = Debug|iPhoneSimulator
		Debug|x64 = Debug|x64
		Debug|x86 = Debug|x86
		Release|Any CPU = Release|Any CPU
		Release|ARM = Release|ARM
		Release|iPhone = Release|iPhone
		Release|iPhoneSimulator = Release|iPhoneSimulator
		Release|x64 = Release|x64
		Release|x86 = Release|x86
	EndGlobalSection
	GlobalSection(ProjectConfigurationPlatforms) = postSolution
		{24CE3C36-16B9-426D-AA0C-5961ECF8D88C}.Debug|Any CPU.ActiveCfg = Debug|Any CPU
		{24CE3C36-16B9-426D-AA0C-5961ECF8D88C}.Debug|Any CPU.Build.0 = Debug|Any CPU
		{24CE3C36-16B9-426D-AA0C-5961ECF8D88C}.Debug|Any CPU.Deploy.0 = Debug|Any CPU
		{24CE3C36-16B9-426D-AA0C-5961ECF8D88C}.Debug|ARM.ActiveCfg = Debug|Any CPU
		{24CE3C36-16B9-426D-AA0C-5961ECF8D88C}.Debug|ARM.Build.0 = Debug|Any CPU
		{24CE3C36-16B9-426D-AA0C-5961ECF8D88C}.Debug|ARM.Deploy.0 = Debug|Any CPU
		{24CE3C36-16B9-426D-AA0C-5961ECF8D88C}.Debug|iPhone.ActiveCfg = Debug|Any CPU
		{24CE3C36-16B9-426D-AA0C-5961ECF8D88C}.Debug|iPhone.Build.0 = Debug|Any CPU
		{24CE3C36-16B9-426D-AA0C-5961ECF8D88C}.Debug|iPhone.Deploy.0 = Debug|Any CPU
		{24CE3C36-16B9-426D-AA0C-5961ECF8D88C}.Debug|iPhoneSimulator.ActiveCfg = Debug|Any CPU
		{24CE3C36-16B9-426D-AA0C-5961ECF8D88C}.Debug|iPhoneSimulator.Build.0 = Debug|Any CPU
		{24CE3C36-16B9-426D-AA0C-5961ECF8D88C}.Debug|iPhoneSimulator.Deploy.0 = Debug|Any CPU
		{24CE3C36-16B9-426D-AA0C-5961ECF8D88C}.Debug|x64.ActiveCfg = Debug|Any CPU
		{24CE3C36-16B9-426D-AA0C-5961ECF8D88C}.Debug|x64.Build.0 = Debug|Any CPU
		{24CE3C36-16B9-426D-AA0C-5961ECF8D88C}.Debug|x64.Deploy.0 = Debug|Any CPU
		{24CE3C36-16B9-426D-AA0C-5961ECF8D88C}.Debug|x86.ActiveCfg = Debug|Any CPU
		{24CE3C36-16B9-426D-AA0C-5961ECF8D88C}.Debug|x86.Build.0 = Debug|Any CPU
		{24CE3C36-16B9-426D-AA0C-5961ECF8D88C}.Debug|x86.Deploy.0 = Debug|Any CPU
		{24CE3C36-16B9-426D-AA0C-5961ECF8D88C}.Release|Any CPU.ActiveCfg = Release|Any CPU
		{24CE3C36-16B9-426D-AA0C-5961ECF8D88C}.Release|Any CPU.Build.0 = Release|Any CPU
		{24CE3C36-16B9-426D-AA0C-5961ECF8D88C}.Release|Any CPU.Deploy.0 = Release|Any CPU
		{24CE3C36-16B9-426D-AA0C-5961ECF8D88C}.Release|ARM.ActiveCfg = Release|Any CPU
		{24CE3C36-16B9-426D-AA0C-5961ECF8D88C}.Release|ARM.Build.0 = Release|Any CPU
		{24CE3C36-16B9-426D-AA0C-5961ECF8D88C}.Release|ARM.Deploy.0 = Release|Any CPU
		{24CE3C36-16B9-426D-AA0C-5961ECF8D88C}.Release|iPhone.ActiveCfg = Release|Any CPU
		{24CE3C36-16B9-426D-AA0C-5961ECF8D88C}.Release|iPhone.Build.0 = Release|Any CPU
		{24CE3C36-16B9-426D-AA0C-5961ECF8D88C}.Release|iPhone.Deploy.0 = Release|Any CPU
		{24CE3C36-16B9-426D-AA0C-5961ECF8D88C}.Release|iPhoneSimulator.ActiveCfg = Release|Any CPU
		{24CE3C36-16B9-426D-AA0C-5961ECF8D88C}.Release|iPhoneSimulator.Build.0 = Release|Any CPU
		{24CE3C36-16B9-426D-AA0C-5961ECF8D88C}.Release|iPhoneSimulator.Deploy.0 = Release|Any CPU
		{24CE3C36-16B9-426D-AA0C-5961ECF8D88C}.Release|x64.ActiveCfg = Release|Any CPU
		{24CE3C36-16B9-426D-AA0C-5961ECF8D88C}.Release|x64.Build.0 = Release|Any CPU
		{24CE3C36-16B9-426D-AA0C-5961ECF8D88C}.Release|x64.Deploy.0 = Release|Any CPU
		{24CE3C36-16B9-426D-AA0C-5961ECF8D88C}.Release|x86.ActiveCfg = Release|Any CPU
		{24CE3C36-16B9-426D-AA0C-5961ECF8D88C}.Release|x86.Build.0 = Release|Any CPU
		{24CE3C36-16B9-426D-AA0C-5961ECF8D88C}.Release|x86.Deploy.0 = Release|Any CPU
		{CE6D82B8-6D69-4F86-959E-7141980C26EB}.Debug|Any CPU.ActiveCfg = Debug|iPhoneSimulator
		{CE6D82B8-6D69-4F86-959E-7141980C26EB}.Debug|Any CPU.Build.0 = Debug|iPhoneSimulator
		{CE6D82B8-6D69-4F86-959E-7141980C26EB}.Debug|Any CPU.Deploy.0 = Debug|iPhoneSimulator
		{CE6D82B8-6D69-4F86-959E-7141980C26EB}.Debug|ARM.ActiveCfg = Debug|iPhone
		{CE6D82B8-6D69-4F86-959E-7141980C26EB}.Debug|ARM.Build.0 = Debug|iPhone
		{CE6D82B8-6D69-4F86-959E-7141980C26EB}.Debug|ARM.Deploy.0 = Debug|iPhone
		{CE6D82B8-6D69-4F86-959E-7141980C26EB}.Debug|iPhone.ActiveCfg = Debug|iPhone
		{CE6D82B8-6D69-4F86-959E-7141980C26EB}.Debug|iPhone.Build.0 = Debug|iPhone
		{CE6D82B8-6D69-4F86-959E-7141980C26EB}.Debug|iPhone.Deploy.0 = Debug|iPhone
		{CE6D82B8-6D69-4F86-959E-7141980C26EB}.Debug|iPhoneSimulator.ActiveCfg = Debug|iPhoneSimulator
		{CE6D82B8-6D69-4F86-959E-7141980C26EB}.Debug|iPhoneSimulator.Build.0 = Debug|iPhoneSimulator
		{CE6D82B8-6D69-4F86-959E-7141980C26EB}.Debug|iPhoneSimulator.Deploy.0 = Debug|iPhoneSimulator
		{CE6D82B8-6D69-4F86-959E-7141980C26EB}.Debug|x64.ActiveCfg = Debug|iPhone
		{CE6D82B8-6D69-4F86-959E-7141980C26EB}.Debug|x64.Build.0 = Debug|iPhone
		{CE6D82B8-6D69-4F86-959E-7141980C26EB}.Debug|x64.Deploy.0 = Debug|iPhone
		{CE6D82B8-6D69-4F86-959E-7141980C26EB}.Debug|x86.ActiveCfg = Debug|iPhone
		{CE6D82B8-6D69-4F86-959E-7141980C26EB}.Debug|x86.Build.0 = Debug|iPhone
		{CE6D82B8-6D69-4F86-959E-7141980C26EB}.Debug|x86.Deploy.0 = Debug|iPhone
		{CE6D82B8-6D69-4F86-959E-7141980C26EB}.Release|Any CPU.ActiveCfg = Release|iPhone
		{CE6D82B8-6D69-4F86-959E-7141980C26EB}.Release|Any CPU.Build.0 = Release|iPhone
		{CE6D82B8-6D69-4F86-959E-7141980C26EB}.Release|Any CPU.Deploy.0 = Release|iPhone
		{CE6D82B8-6D69-4F86-959E-7141980C26EB}.Release|ARM.ActiveCfg = Release|iPhone
		{CE6D82B8-6D69-4F86-959E-7141980C26EB}.Release|ARM.Build.0 = Release|iPhone
		{CE6D82B8-6D69-4F86-959E-7141980C26EB}.Release|ARM.Deploy.0 = Release|iPhone
		{CE6D82B8-6D69-4F86-959E-7141980C26EB}.Release|iPhone.ActiveCfg = Release|iPhone
		{CE6D82B8-6D69-4F86-959E-7141980C26EB}.Release|iPhone.Build.0 = Release|iPhone
		{CE6D82B8-6D69-4F86-959E-7141980C26EB}.Release|iPhone.Deploy.0 = Release|iPhone
		{CE6D82B8-6D69-4F86-959E-7141980C26EB}.Release|iPhoneSimulator.ActiveCfg = Release|iPhoneSimulator
		{CE6D82B8-6D69-4F86-959E-7141980C26EB}.Release|iPhoneSimulator.Build.0 = Release|iPhoneSimulator
		{CE6D82B8-6D69-4F86-959E-7141980C26EB}.Release|iPhoneSimulator.Deploy.0 = Release|iPhoneSimulator
		{CE6D82B8-6D69-4F86-959E-7141980C26EB}.Release|x64.ActiveCfg = Release|iPhone
		{CE6D82B8-6D69-4F86-959E-7141980C26EB}.Release|x64.Build.0 = Release|iPhone
		{CE6D82B8-6D69-4F86-959E-7141980C26EB}.Release|x64.Deploy.0 = Release|iPhone
		{CE6D82B8-6D69-4F86-959E-7141980C26EB}.Release|x86.ActiveCfg = Release|iPhone
		{CE6D82B8-6D69-4F86-959E-7141980C26EB}.Release|x86.Build.0 = Release|iPhone
		{CE6D82B8-6D69-4F86-959E-7141980C26EB}.Release|x86.Deploy.0 = Release|iPhone
		{88209DCC-E156-498D-9BD2-F9104E3D813B}.Debug|Any CPU.ActiveCfg = Debug|x86
		{88209DCC-E156-498D-9BD2-F9104E3D813B}.Debug|Any CPU.Build.0 = Debug|x86
		{88209DCC-E156-498D-9BD2-F9104E3D813B}.Debug|Any CPU.Deploy.0 = Debug|x86
		{88209DCC-E156-498D-9BD2-F9104E3D813B}.Debug|ARM.ActiveCfg = Debug|ARM
		{88209DCC-E156-498D-9BD2-F9104E3D813B}.Debug|ARM.Build.0 = Debug|ARM
		{88209DCC-E156-498D-9BD2-F9104E3D813B}.Debug|ARM.Deploy.0 = Debug|ARM
		{88209DCC-E156-498D-9BD2-F9104E3D813B}.Debug|iPhone.ActiveCfg = Debug|x86
		{88209DCC-E156-498D-9BD2-F9104E3D813B}.Debug|iPhone.Build.0 = Debug|x86
		{88209DCC-E156-498D-9BD2-F9104E3D813B}.Debug|iPhone.Deploy.0 = Debug|x86
		{88209DCC-E156-498D-9BD2-F9104E3D813B}.Debug|iPhoneSimulator.ActiveCfg = Debug|x86
		{88209DCC-E156-498D-9BD2-F9104E3D813B}.Debug|iPhoneSimulator.Build.0 = Debug|x86
		{88209DCC-E156-498D-9BD2-F9104E3D813B}.Debug|iPhoneSimulator.Deploy.0 = Debug|x86
		{88209DCC-E156-498D-9BD2-F9104E3D813B}.Debug|x64.ActiveCfg = Debug|x64
		{88209DCC-E156-498D-9BD2-F9104E3D813B}.Debug|x64.Build.0 = Debug|x64
		{88209DCC-E156-498D-9BD2-F9104E3D813B}.Debug|x64.Deploy.0 = Debug|x64
		{88209DCC-E156-498D-9BD2-F9104E3D813B}.Debug|x86.ActiveCfg = Debug|x86
		{88209DCC-E156-498D-9BD2-F9104E3D813B}.Debug|x86.Build.0 = Debug|x86
		{88209DCC-E156-498D-9BD2-F9104E3D813B}.Debug|x86.Deploy.0 = Debug|x86
		{88209DCC-E156-498D-9BD2-F9104E3D813B}.Release|Any CPU.ActiveCfg = Release|x86
		{88209DCC-E156-498D-9BD2-F9104E3D813B}.Release|Any CPU.Build.0 = Release|x86
		{88209DCC-E156-498D-9BD2-F9104E3D813B}.Release|Any CPU.Deploy.0 = Release|x86
		{88209DCC-E156-498D-9BD2-F9104E3D813B}.Release|ARM.ActiveCfg = Release|ARM
		{88209DCC-E156-498D-9BD2-F9104E3D813B}.Release|ARM.Build.0 = Release|ARM
		{88209DCC-E156-498D-9BD2-F9104E3D813B}.Release|ARM.Deploy.0 = Release|ARM
		{88209DCC-E156-498D-9BD2-F9104E3D813B}.Release|iPhone.ActiveCfg = Release|x86
		{88209DCC-E156-498D-9BD2-F9104E3D813B}.Release|iPhone.Build.0 = Release|x86
		{88209DCC-E156-498D-9BD2-F9104E3D813B}.Release|iPhone.Deploy.0 = Release|x86
		{88209DCC-E156-498D-9BD2-F9104E3D813B}.Release|iPhoneSimulator.ActiveCfg = Release|x86
		{88209DCC-E156-498D-9BD2-F9104E3D813B}.Release|iPhoneSimulator.Build.0 = Release|x86
		{88209DCC-E156-498D-9BD2-F9104E3D813B}.Release|iPhoneSimulator.Deploy.0 = Release|x86
		{88209DCC-E156-498D-9BD2-F9104E3D813B}.Release|x64.ActiveCfg = Release|x64
		{88209DCC-E156-498D-9BD2-F9104E3D813B}.Release|x64.Build.0 = Release|x64
		{88209DCC-E156-498D-9BD2-F9104E3D813B}.Release|x64.Deploy.0 = Release|x64
		{88209DCC-E156-498D-9BD2-F9104E3D813B}.Release|x86.ActiveCfg = Release|x86
		{88209DCC-E156-498D-9BD2-F9104E3D813B}.Release|x86.Build.0 = Release|x86
		{88209DCC-E156-498D-9BD2-F9104E3D813B}.Release|x86.Deploy.0 = Release|x86
		{FD9606DD-52DB-4A49-A9CB-061D38A4136E}.Debug|Any CPU.ActiveCfg = Debug|Any CPU
		{FD9606DD-52DB-4A49-A9CB-061D38A4136E}.Debug|Any CPU.Build.0 = Debug|Any CPU
		{FD9606DD-52DB-4A49-A9CB-061D38A4136E}.Debug|Any CPU.Deploy.0 = Debug|Any CPU
		{FD9606DD-52DB-4A49-A9CB-061D38A4136E}.Debug|ARM.ActiveCfg = Debug|Any CPU
		{FD9606DD-52DB-4A49-A9CB-061D38A4136E}.Debug|ARM.Build.0 = Debug|Any CPU
		{FD9606DD-52DB-4A49-A9CB-061D38A4136E}.Debug|ARM.Deploy.0 = Debug|Any CPU
		{FD9606DD-52DB-4A49-A9CB-061D38A4136E}.Debug|iPhone.ActiveCfg = Debug|Any CPU
		{FD9606DD-52DB-4A49-A9CB-061D38A4136E}.Debug|iPhone.Build.0 = Debug|Any CPU
		{FD9606DD-52DB-4A49-A9CB-061D38A4136E}.Debug|iPhone.Deploy.0 = Debug|Any CPU
		{FD9606DD-52DB-4A49-A9CB-061D38A4136E}.Debug|iPhoneSimulator.ActiveCfg = Debug|Any CPU
		{FD9606DD-52DB-4A49-A9CB-061D38A4136E}.Debug|iPhoneSimulator.Build.0 = Debug|Any CPU
		{FD9606DD-52DB-4A49-A9CB-061D38A4136E}.Debug|iPhoneSimulator.Deploy.0 = Debug|Any CPU
		{FD9606DD-52DB-4A49-A9CB-061D38A4136E}.Debug|x64.ActiveCfg = Debug|Any CPU
		{FD9606DD-52DB-4A49-A9CB-061D38A4136E}.Debug|x64.Build.0 = Debug|Any CPU
		{FD9606DD-52DB-4A49-A9CB-061D38A4136E}.Debug|x64.Deploy.0 = Debug|Any CPU
		{FD9606DD-52DB-4A49-A9CB-061D38A4136E}.Debug|x86.ActiveCfg = Debug|Any CPU
		{FD9606DD-52DB-4A49-A9CB-061D38A4136E}.Debug|x86.Build.0 = Debug|Any CPU
		{FD9606DD-52DB-4A49-A9CB-061D38A4136E}.Debug|x86.Deploy.0 = Debug|Any CPU
		{FD9606DD-52DB-4A49-A9CB-061D38A4136E}.Release|Any CPU.ActiveCfg = Release|Any CPU
		{FD9606DD-52DB-4A49-A9CB-061D38A4136E}.Release|Any CPU.Build.0 = Release|Any CPU
		{FD9606DD-52DB-4A49-A9CB-061D38A4136E}.Release|Any CPU.Deploy.0 = Release|Any CPU
		{FD9606DD-52DB-4A49-A9CB-061D38A4136E}.Release|ARM.ActiveCfg = Release|Any CPU
		{FD9606DD-52DB-4A49-A9CB-061D38A4136E}.Release|ARM.Build.0 = Release|Any CPU
		{FD9606DD-52DB-4A49-A9CB-061D38A4136E}.Release|ARM.Deploy.0 = Release|Any CPU
		{FD9606DD-52DB-4A49-A9CB-061D38A4136E}.Release|iPhone.ActiveCfg = Release|Any CPU
		{FD9606DD-52DB-4A49-A9CB-061D38A4136E}.Release|iPhone.Build.0 = Release|Any CPU
		{FD9606DD-52DB-4A49-A9CB-061D38A4136E}.Release|iPhone.Deploy.0 = Release|Any CPU
		{FD9606DD-52DB-4A49-A9CB-061D38A4136E}.Release|iPhoneSimulator.ActiveCfg = Release|Any CPU
		{FD9606DD-52DB-4A49-A9CB-061D38A4136E}.Release|iPhoneSimulator.Build.0 = Release|Any CPU
		{FD9606DD-52DB-4A49-A9CB-061D38A4136E}.Release|iPhoneSimulator.Deploy.0 = Release|Any CPU
		{FD9606DD-52DB-4A49-A9CB-061D38A4136E}.Release|x64.ActiveCfg = Release|Any CPU
		{FD9606DD-52DB-4A49-A9CB-061D38A4136E}.Release|x64.Build.0 = Release|Any CPU
		{FD9606DD-52DB-4A49-A9CB-061D38A4136E}.Release|x64.Deploy.0 = Release|Any CPU
		{FD9606DD-52DB-4A49-A9CB-061D38A4136E}.Release|x86.ActiveCfg = Release|Any CPU
		{FD9606DD-52DB-4A49-A9CB-061D38A4136E}.Release|x86.Build.0 = Release|Any CPU
		{FD9606DD-52DB-4A49-A9CB-061D38A4136E}.Release|x86.Deploy.0 = Release|Any CPU
	EndGlobalSection
	GlobalSection(SolutionProperties) = preSolution
		HideSolutionNode = FALSE
	EndGlobalSection
	GlobalSection(ExtensibilityGlobals) = postSolution
		SolutionGuid = {604A8A51-EFDC-4A50-9EB1-88CE56A82406}
	EndGlobalSection
EndGlobal
